
Microsoft Visual Studio Solution File, Format Version 12.00
# Visual Studio Version 17
VisualStudioVersion = 17.9.34714.143
MinimumVisualStudioVersion = 10.0.40219.1
Project("{FAE04EC0-301F-11D3-BF4B-00C04F79EFBC}") = "myproject1", "myproject1\myproject1.csproj", "{27912E55-D258-4BEB-9D78-A0F496F8D7EF}"
EndProject
Project("{FAE04EC0-301F-11D3-BF4B-00C04F79EFBC}") = "loops", "loops\loops.csproj", "{538C658C-6BFE-4002-B251-7189D8F30A7D}"
EndProject
Global
	GlobalSection(SolutionConfigurationPlatforms) = preSolution
		Debug|Any CPU = Debug|Any CPU
		Release|Any CPU = Release|Any CPU
	EndGlobalSection
	GlobalSection(ProjectConfigurationPlatforms) = postSolution
		{27912E55-D258-4BEB-9D78-A0F496F8D7EF}.Debug|Any CPU.ActiveCfg = Debug|Any CPU
		{27912E55-D258-4BEB-9D78-A0F496F8D7EF}.Debug|Any CPU.Build.0 = Debug|Any CPU
		{27912E55-D258-4BEB-9D78-A0F496F8D7EF}.Release|Any CPU.ActiveCfg = Release|Any CPU
		{27912E55-D258-4BEB-9D78-A0F496F8D7EF}.Release|Any CPU.Build.0 = Release|Any CPU
		{538C658C-6BFE-4002-B251-7189D8F30A7D}.Debug|Any CPU.ActiveCfg = Debug|Any CPU
		{538C658C-6BFE-4002-B251-7189D8F30A7D}.Debug|Any CPU.Build.0 = Debug|Any CPU
		{538C658C-6BFE-4002-B251-7189D8F30A7D}.Release|Any CPU.ActiveCfg = Release|Any CPU
		{538C658C-6BFE-4002-B251-7189D8F30A7D}.Release|Any CPU.Build.0 = Release|Any CPU
	EndGlobalSection
	GlobalSection(SolutionProperties) = preSolution
		HideSolutionNode = FALSE
	EndGlobalSection
	GlobalSection(ExtensibilityGlobals) = postSolution
		SolutionGuid = {9485CA26-311C-4D5A-93D6-2478C7C882DA}
	EndGlobalSection
EndGlobal
